{
  "projects": [
    {
      "projectId": "22U3ZXm4dE59qEW488gxzU",
      "version": "0.5.0",
      "dependencies": {},
      "lang": "ts",
      "fileLocks": [
        {
          "assetId": "22U3ZXm4dE59qEW488gxzU",
          "type": "projectCss",
          "checksum": "ea328be60296c605e32740632c6a5f34"
        },
        {
          "assetId": "22U3ZXm4dE59qEW488gxzU",
          "checksum": "d1103af3d09ed83b0e595b6cdcc0d934",
          "type": "globalContexts"
        }
      ],
      "codegenVersion": "0.0.1"
    },
    {
      "projectId": "6366ps4JUXGcyRNfgAokBX",
      "version": "latest",
      "dependencies": {
        "22U3ZXm4dE59qEW488gxzU": "0.5.0"
      },
      "lang": "ts",
      "fileLocks": [
        {
          "type": "globalVariant",
          "assetId": "lPlKHVYjoqxXF",
          "checksum": "f36c197a5b648f44a227a3d84347fb64"
        },
        {
          "assetId": "6366ps4JUXGcyRNfgAokBX",
          "checksum": "5d8be3d8d4352fc075c518e0260bc066",
          "type": "globalContexts"
        },
        {
          "type": "renderModule",
          "assetId": "cWWh_VXruR120",
          "checksum": "38b8250cb5f5cec531af7cf4265f76a6"
        },
        {
          "type": "cssRules",
          "assetId": "cWWh_VXruR120",
          "checksum": "38b8250cb5f5cec531af7cf4265f76a6"
        },
        {
          "type": "renderModule",
          "assetId": "ygw79zXKnU",
          "checksum": "898593474b0e39d07049ba0d0e9ff7d2"
        },
        {
          "type": "cssRules",
          "assetId": "ygw79zXKnU",
          "checksum": "898593474b0e39d07049ba0d0e9ff7d2"
        },
        {
          "type": "renderModule",
          "assetId": "tV2xuA4xJL",
          "checksum": "87a8c11f58721ccafc1f0b8b92b777a9"
        },
        {
          "type": "cssRules",
          "assetId": "tV2xuA4xJL",
          "checksum": "87a8c11f58721ccafc1f0b8b92b777a9"
        },
        {
          "type": "renderModule",
          "assetId": "GJ6j9vTAsC",
          "checksum": "83eb8dff018ac8e6156d4cbd079900fc"
        },
        {
          "type": "cssRules",
          "assetId": "GJ6j9vTAsC",
          "checksum": "83eb8dff018ac8e6156d4cbd079900fc"
        },
        {
          "assetId": "6366ps4JUXGcyRNfgAokBX",
          "type": "projectCss",
          "checksum": "b882e1bafd43f9a4a8ada2169cb34e80"
        },
        {
          "type": "renderModule",
          "assetId": "ZsxWBfHDXcp",
          "checksum": "904d70f7b22497a78e8141688a479d92"
        },
        {
          "type": "cssRules",
          "assetId": "ZsxWBfHDXcp",
          "checksum": "904d70f7b22497a78e8141688a479d92"
        }
      ],
      "codegenVersion": "0.0.1"
    }
  ],
  "cliVersion": "0.1.186"
}
