{
  "projects": [
    {
      "projectId": "22U3ZXm4dE59qEW488gxzU",
      "version": "0.5.0",
      "dependencies": {},
      "lang": "ts",
      "fileLocks": [
        {
          "assetId": "22U3ZXm4dE59qEW488gxzU",
          "type": "projectCss",
          "checksum": "ea328be60296c605e32740632c6a5f34"
        },
        {
          "assetId": "22U3ZXm4dE59qEW488gxzU",
          "checksum": "d1103af3d09ed83b0e595b6cdcc0d934",
          "type": "globalContexts"
        }
      ],
      "codegenVersion": "0.0.1"
    },
    {
      "projectId": "6366ps4JUXGcyRNfgAokBX",
      "version": "latest",
      "dependencies": {
        "22U3ZXm4dE59qEW488gxzU": "0.5.0"
      },
      "lang": "ts",
      "fileLocks": [
        {
          "type": "globalVariant",
          "assetId": "lPlKHVYjoqxXF",
          "checksum": "f36c197a5b648f44a227a3d84347fb64"
        },
        {
          "assetId": "6366ps4JUXGcyRNfgAokBX",
          "checksum": "5d8be3d8d4352fc075c518e0260bc066",
          "type": "globalContexts"
        },
        {
          "type": "renderModule",
          "assetId": "cWWh_VXruR120",
          "checksum": "38b8250cb5f5cec531af7cf4265f76a6"
        },
        {
          "type": "cssRules",
          "assetId": "cWWh_VXruR120",
          "checksum": "38b8250cb5f5cec531af7cf4265f76a6"
        },
        {
          "type": "renderModule",
          "assetId": "ygw79zXKnU",
          "checksum": "b96afc36a57b7f8d1bede441ce10a7bf"
        },
        {
          "type": "cssRules",
          "assetId": "ygw79zXKnU",
          "checksum": "b96afc36a57b7f8d1bede441ce10a7bf"
        },
        {
          "type": "renderModule",
          "assetId": "tV2xuA4xJL",
          "checksum": "d3cc138296aaf6f634bd7c4f8f600455"
        },
        {
          "type": "cssRules",
          "assetId": "tV2xuA4xJL",
          "checksum": "d3cc138296aaf6f634bd7c4f8f600455"
        },
        {
          "type": "renderModule",
          "assetId": "GJ6j9vTAsC",
          "checksum": "d8ae5f3a1f8193707aaecb49cd494a59"
        },
        {
          "type": "cssRules",
          "assetId": "GJ6j9vTAsC",
          "checksum": "d8ae5f3a1f8193707aaecb49cd494a59"
        },
        {
          "type": "renderModule",
          "assetId": "ZsxWBfHDXcp",
          "checksum": "904d70f7b22497a78e8141688a479d92"
        },
        {
          "type": "cssRules",
          "assetId": "ZsxWBfHDXcp",
          "checksum": "904d70f7b22497a78e8141688a479d92"
        },
        {
          "assetId": "6366ps4JUXGcyRNfgAokBX",
          "type": "projectCss",
          "checksum": "b882e1bafd43f9a4a8ada2169cb34e80"
        }
      ],
      "codegenVersion": "0.0.1"
    }
  ],
  "cliVersion": "0.1.186"
}
